{
  "pins" : [
    {
      "identity" : "leap-ios",
      "kind" : "remoteSourceControl",
      "location" : "https://github.com/Liquid4All/leap-ios.git",
      "state" : {
        "branch" : "main",
        "revision" : "9602deec5f5afaf891fd360496b8bcd525b69ef6"
      }
    },
    {
      "identity" : "swift-syntax",
      "kind" : "remoteSourceControl",
      "location" : "https://github.com/swiftlang/swift-syntax.git",
      "state" : {
        "revision" : "0687f71944021d616d34d922343dcef086855920",
        "version" : "600.0.1"
      }
    }
  ],
  "version" : 2
}
